{
     "name": "twitter-follow-sync",
     "version": "1.0.0",
     "lockfileVersion": 3,
     "requires": true,
     "packages": {
          "": {
               "name": "twitter-follow-sync",
               "version": "1.0.0",
               "license": "ISC",
               "dependencies": {
                    "twitter-api-v2": "^1.10.0"
               }
          },
          "node_modules/twitter-api-v2": {
               "version": "1.16.4",
               "resolved": "https://registry.npmjs.org/twitter-api-v2/-/twitter-api-v2-1.16.4.tgz",
               "integrity": "sha512-crhPcbsF8UMzLl5UeVu3McDkDOZxmRTd0akXeC7/pmBTwoYonEvhmwt5/skWhsG2ln0vglr4f+tsfJ65KTi3cA=="
          }
     }
}
